
Microsoft Visual Studio Solution File, Format Version 12.00
# Visual Studio Version 16
VisualStudioVersion = 16.0.28917.181
MinimumVisualStudioVersion = 10.0.40219.1
Project("{FAE04EC0-301F-11D3-BF4B-00C04F79EFBC}") = "Passer", "Passer\Passer.csproj", "{B21D1A05-E220-44AC-8A28-C85022DEDBBD}"
EndProject
Global
	GlobalSection(SolutionConfigurationPlatforms) = preSolution
		Debug|Any CPU = Debug|Any CPU
		Release|Any CPU = Release|Any CPU
	EndGlobalSection
	GlobalSection(ProjectConfigurationPlatforms) = postSolution
		{B21D1A05-E220-44AC-8A28-C85022DEDBBD}.Debug|Any CPU.ActiveCfg = Debug|Any CPU
		{B21D1A05-E220-44AC-8A28-C85022DEDBBD}.Debug|Any CPU.Build.0 = Debug|Any CPU
		{B21D1A05-E220-44AC-8A28-C85022DEDBBD}.Release|Any CPU.ActiveCfg = Release|Any CPU
		{B21D1A05-E220-44AC-8A28-C85022DEDBBD}.Release|Any CPU.Build.0 = Release|Any CPU
	EndGlobalSection
	GlobalSection(SolutionProperties) = preSolution
		HideSolutionNode = FALSE
	EndGlobalSection
	GlobalSection(ExtensibilityGlobals) = postSolution
		SolutionGuid = {18D3046D-2069-4807-B154-631FC03D9844}
	EndGlobalSection
EndGlobal
